<?xml version="1.0" encoding="utf-8"?>
<Project ToolsVersion="4.0" xmlns="http://schemas.microsoft.com/developer/msbuild/2003">
  <ItemGroup>
    <Filter Include="Source Files">
      <UniqueIdentifier>{4FC737F1-C7A5-4376-A066-2A32D752A2FF}</UniqueIdentifier>
      <Extensions>cpp;c;cc;cxx;def;odl;idl;hpj;bat;asm;asmx</Extensions>
    </Filter>
    <Filter Include="Header Files">
      <UniqueIdentifier>{93995380-89BD-4b04-88EB-625FBE52EBFB}</UniqueIdentifier>
      <Extensions>h;hh;hpp;hxx;hm;inl;inc;xsd</Extensions>
    </Filter>
    <Filter Include="Resource Files">
      <UniqueIdentifier>{67DA6AB6-F800-4c08-8B7A-83BB121AAD01}</UniqueIdentifier>
      <Extensions>qrc;rc;ico;cur;bmp;dlg;rc2;rct;bin;rgs;gif;jpg;jpeg;jpe;resx;tiff;tif;png;wav;mfcribbon-ms</Extensions>
    </Filter>
    <Filter Include="Translation Files">
      <UniqueIdentifier>{639EADAA-A684-42e4-A9AD-28FC9BCB8F7C}</UniqueIdentifier>
      <Extensions>ts</Extensions>
    </Filter>
    <Filter Include="Header Files\display">
      <UniqueIdentifier>{c709f1d1-20f6-4b2d-a3fb-b2e68bdda568}</UniqueIdentifier>
    </Filter>
    <Filter Include="Source Files\display">
      <UniqueIdentifier>{22c78700-a3d1-4f66-bffd-01d1622274dc}</UniqueIdentifier>
    </Filter>
    <Filter Include="Header Files\interface">
      <UniqueIdentifier>{89740885-1c88-481e-9457-6ef39545ddab}</UniqueIdentifier>
    </Filter>
    <Filter Include="Source Files\interface">
      <UniqueIdentifier>{5842add4-faf0-447d-a5af-e72133626828}</UniqueIdentifier>
    </Filter>
    <Filter Include="Header Files\eventex">
      <UniqueIdentifier>{be41b821-2938-445b-9682-c169aaa9a547}</UniqueIdentifier>
    </Filter>
    <Filter Include="Source Files\eventex">
      <UniqueIdentifier>{cf79cab7-7213-4b8c-98f7-c88c9e359f44}</UniqueIdentifier>
    </Filter>
    <Filter Include="Header Files\buttons">
      <UniqueIdentifier>{5ee327cd-8960-4c17-b29e-df3df32fd915}</UniqueIdentifier>
    </Filter>
    <Filter Include="Source Files\buttons">
      <UniqueIdentifier>{8eff2886-026e-4375-b2a4-6540bf2664a9}</UniqueIdentifier>
    </Filter>
    <Filter Include="Header Files\input">
      <UniqueIdentifier>{13f395aa-9a3a-4285-9bdf-930cdc4fbd9f}</UniqueIdentifier>
    </Filter>
    <Filter Include="Source Files\input">
      <UniqueIdentifier>{03da0b21-5e64-4b43-a7cd-ad3f123df85e}</UniqueIdentifier>
    </Filter>
    <Filter Include="Header Files\utils">
      <UniqueIdentifier>{58a6b02d-6d9e-45d1-8a7f-c0b263553903}</UniqueIdentifier>
    </Filter>
    <Filter Include="Source Files\utils">
      <UniqueIdentifier>{14a44552-ea75-4648-a15d-8ee80a27503c}</UniqueIdentifier>
    </Filter>
  </ItemGroup>
  <ItemGroup>
    <ClCompile Include="src\display\QLabelEx.cpp">
      <Filter>Source Files\display</Filter>
    </ClCompile>
    <ClCompile Include="src\interface\TextSetterInterface.cpp">
      <Filter>Source Files\interface</Filter>
    </ClCompile>
    <ClCompile Include="src\interface\AsyncDataSetter.cpp">
      <Filter>Source Files\interface</Filter>
    </ClCompile>
    <ClCompile Include="src\interface\ImageSetterInterface.cpp">
      <Filter>Source Files\interface</Filter>
    </ClCompile>
    <ClCompile Include="src\eventex\MouseEventEx.cpp">
      <Filter>Source Files\eventex</Filter>
    </ClCompile>
    <ClCompile Include="src\buttons\QPushButtonEx.cpp">
      <Filter>Source Files\buttons</Filter>
    </ClCompile>
    <ClCompile Include="src\input\QLineEditEx.cpp">
      <Filter>Source Files\input</Filter>
    </ClCompile>
    <ClCompile Include="src\interface\GifSetterInterface.cpp">
      <Filter>Source Files\interface</Filter>
    </ClCompile>
    <ClCompile Include="src\input\QComboBoxEx.cpp">
      <Filter>Source Files\input</Filter>
    </ClCompile>
    <ClCompile Include="src\utils\RegExpWidget.cpp">
      <Filter>Source Files\utils</Filter>
    </ClCompile>
    <ClCompile Include="src\interface\ListElementSetter.cpp">
      <Filter>Source Files\interface</Filter>
    </ClCompile>
    <ClCompile Include="src\utils\NetworkImageGetter.cpp">
      <Filter>Source Files\utils</Filter>
    </ClCompile>
    <ClCompile Include="src\buttons\QCheckBoxEx.cpp">
      <Filter>Source Files\buttons</Filter>
    </ClCompile>
    <ClCompile Include="src\utils\ButtonGroupUtil.cpp">
      <Filter>Source Files\utils</Filter>
    </ClCompile>
    <ClCompile Include="src\interface\IconSetterInterface.cpp">
      <Filter>Source Files\interface</Filter>
    </ClCompile>
    <ClCompile Include="src\buttons\QRadioButtonEx.cpp">
      <Filter>Source Files\buttons</Filter>
    </ClCompile>
  </ItemGroup>
  <ItemGroup>
    <ClInclude Include="include\interface\TextSetterInterface.h">
      <Filter>Header Files\interface</Filter>
    </ClInclude>
    <ClInclude Include="include\interface\ImageSetterInterface.h">
      <Filter>Header Files\interface</Filter>
    </ClInclude>
    <ClInclude Include="include\eventex\MouseEventEx.h">
      <Filter>Header Files\eventex</Filter>
    </ClInclude>
    <ClInclude Include="include\eventex\SimpleEventEx.h">
      <Filter>Header Files\eventex</Filter>
    </ClInclude>
    <ClInclude Include="include\interface\SimpleDataSetter.h">
      <Filter>Header Files\interface</Filter>
    </ClInclude>
    <ClInclude Include="include\exglobal.h">
      <Filter>Header Files</Filter>
    </ClInclude>
    <ClInclude Include="include\interface\GifSetterInterface.h">
      <Filter>Header Files\interface</Filter>
    </ClInclude>
    <ClInclude Include="include\utils\RegExpWidget.h">
      <Filter>Header Files\utils</Filter>
    </ClInclude>
    <ClInclude Include="include\interface\ListElementSetter.h">
      <Filter>Header Files\interface</Filter>
    </ClInclude>
    <ClInclude Include="include\utils\ButtonGroupUtil.h">
      <Filter>Header Files\utils</Filter>
    </ClInclude>
    <ClInclude Include="include\interface\IconSetterInterface.h">
      <Filter>Header Files\interface</Filter>
    </ClInclude>
    <ClInclude Include="include\QAbstractButtonEx.h">
      <Filter>Header Files\buttons</Filter>
    </ClInclude>
  </ItemGroup>
  <ItemGroup>
    <QtMoc Include="include\interface\AsyncDataSetter.h">
      <Filter>Header Files\interface</Filter>
    </QtMoc>
    <QtMoc Include="include\QLabelEx.h">
      <Filter>Header Files\display</Filter>
    </QtMoc>
    <QtMoc Include="include\QPushButtonEx.h">
      <Filter>Header Files\buttons</Filter>
    </QtMoc>
    <QtMoc Include="include\QLineEditEx.h">
      <Filter>Header Files\input</Filter>
    </QtMoc>
    <QtMoc Include="include\QComboBoxEx.h">
      <Filter>Header Files\input</Filter>
    </QtMoc>
    <QtMoc Include="include\utils\NetworkImageGetter.h">
      <Filter>Header Files\utils</Filter>
    </QtMoc>
    <QtMoc Include="include\QCheckBoxEx.h">
      <Filter>Header Files\buttons</Filter>
    </QtMoc>
    <QtMoc Include="include\QRadioButtonEx.h">
      <Filter>Header Files\buttons</Filter>
    </QtMoc>
  </ItemGroup>
</Project>