<?xml version="1.0" encoding="utf-8"?>
<Project ToolsVersion="4.0" xmlns="http://schemas.microsoft.com/developer/msbuild/2003">
  <ItemGroup>
    <Filter Include="Source Files">
      <UniqueIdentifier>{4FC737F1-C7A5-4376-A066-2A32D752A2FF}</UniqueIdentifier>
      <Extensions>cpp;c;cc;cxx;def;odl;idl;hpj;bat;asm;asmx</Extensions>
    </Filter>
    <Filter Include="Header Files">
      <UniqueIdentifier>{93995380-89BD-4b04-88EB-625FBE52EBFB}</UniqueIdentifier>
      <Extensions>h;hh;hpp;hxx;hm;inl;inc;xsd</Extensions>
    </Filter>
    <Filter Include="Resource Files">
      <UniqueIdentifier>{67DA6AB6-F800-4c08-8B7A-83BB121AAD01}</UniqueIdentifier>
      <Extensions>qrc;rc;ico;cur;bmp;dlg;rc2;rct;bin;rgs;gif;jpg;jpeg;jpe;resx;tiff;tif;png;wav;mfcribbon-ms</Extensions>
    </Filter>
    <Filter Include="Translation Files">
      <UniqueIdentifier>{639EADAA-A684-42e4-A9AD-28FC9BCB8F7C}</UniqueIdentifier>
      <Extensions>ts</Extensions>
    </Filter>
    <Filter Include="Header Files\display">
      <UniqueIdentifier>{9b834da6-8792-431f-a992-0165453a5ee9}</UniqueIdentifier>
    </Filter>
    <Filter Include="Source Files\display">
      <UniqueIdentifier>{6d7a73df-68e3-4bfa-9f3c-5b39bbea5ce5}</UniqueIdentifier>
    </Filter>
    <Filter Include="Header Files\buttons">
      <UniqueIdentifier>{f6183380-f4e1-4bb4-bf0f-253f480f4d43}</UniqueIdentifier>
    </Filter>
    <Filter Include="Source Files\buttons">
      <UniqueIdentifier>{45d01fa4-c44b-4d0e-bb1a-567e3d57428b}</UniqueIdentifier>
    </Filter>
  </ItemGroup>
  <ItemGroup>
    <QtMoc Include="QtWidgetExPlugin.h">
      <Filter>Header Files</Filter>
    </QtMoc>
    <ClCompile Include="QtWidgetExPlugin.cpp">
      <Filter>Source Files</Filter>
    </ClCompile>
    <QtMoc Include="display\QLabelExPlugin.h">
      <Filter>Header Files\display</Filter>
    </QtMoc>
    <QtMoc Include="buttons\QPushButtonExPlugin.h">
      <Filter>Header Files\buttons</Filter>
    </QtMoc>
  </ItemGroup>
  <ItemGroup>
    <ClCompile Include="display\QLabelExPlugin.cpp">
      <Filter>Source Files\display</Filter>
    </ClCompile>
    <ClCompile Include="buttons\QPushButtonExPlugin.cpp">
      <Filter>Source Files\buttons</Filter>
    </ClCompile>
  </ItemGroup>
  <ItemGroup>
    <QtRcc Include="formeditor.qrc">
      <Filter>Resource Files</Filter>
    </QtRcc>
  </ItemGroup>
</Project>